
Microsoft Visual Studio Solution File, Format Version 12.00
# Visual Studio Version 17
VisualStudioVersion = 17.4.33103.184
MinimumVisualStudioVersion = 10.0.40219.1
Project("{9A19103F-16F7-4668-BE54-9A1E7A4F7556}") = "BlazorExpenseTracker.UI", "BlazorExpenseTracker.UI\BlazorExpenseTracker.UI.csproj", "{6897351C-4E41-40B1-B87F-D80211441500}"
EndProject
Project("{9A19103F-16F7-4668-BE54-9A1E7A4F7556}") = "BlazorExpenseTracker.Model", "BlazorExpenseTracker.Model\BlazorExpenseTracker.Model.csproj", "{3FEC44D5-0918-4BFD-ACA4-1D2754F620A9}"
EndProject
Project("{9A19103F-16F7-4668-BE54-9A1E7A4F7556}") = "BlazorExpenseTracker.Data", "BlazorExpenseTracker.Data\BlazorExpenseTracker.Data.csproj", "{86AFD8B8-C0F4-406C-B19E-0C61DB9DB4FF}"
EndProject
Project("{FAE04EC0-301F-11D3-BF4B-00C04F79EFBC}") = "BlazorExpenseTracker.API", "BlazorExpenseTracker.API\BlazorExpenseTracker.API.csproj", "{2FCA8DD8-5F47-4B99-9BA4-A563D0EA1199}"
EndProject
Global
	GlobalSection(SolutionConfigurationPlatforms) = preSolution
		Debug|Any CPU = Debug|Any CPU
		Release|Any CPU = Release|Any CPU
	EndGlobalSection
	GlobalSection(ProjectConfigurationPlatforms) = postSolution
		{6897351C-4E41-40B1-B87F-D80211441500}.Debug|Any CPU.ActiveCfg = Debug|Any CPU
		{6897351C-4E41-40B1-B87F-D80211441500}.Debug|Any CPU.Build.0 = Debug|Any CPU
		{6897351C-4E41-40B1-B87F-D80211441500}.Release|Any CPU.ActiveCfg = Release|Any CPU
		{6897351C-4E41-40B1-B87F-D80211441500}.Release|Any CPU.Build.0 = Release|Any CPU
		{3FEC44D5-0918-4BFD-ACA4-1D2754F620A9}.Debug|Any CPU.ActiveCfg = Debug|Any CPU
		{3FEC44D5-0918-4BFD-ACA4-1D2754F620A9}.Debug|Any CPU.Build.0 = Debug|Any CPU
		{3FEC44D5-0918-4BFD-ACA4-1D2754F620A9}.Release|Any CPU.ActiveCfg = Release|Any CPU
		{3FEC44D5-0918-4BFD-ACA4-1D2754F620A9}.Release|Any CPU.Build.0 = Release|Any CPU
		{86AFD8B8-C0F4-406C-B19E-0C61DB9DB4FF}.Debug|Any CPU.ActiveCfg = Debug|Any CPU
		{86AFD8B8-C0F4-406C-B19E-0C61DB9DB4FF}.Debug|Any CPU.Build.0 = Debug|Any CPU
		{86AFD8B8-C0F4-406C-B19E-0C61DB9DB4FF}.Release|Any CPU.ActiveCfg = Release|Any CPU
		{86AFD8B8-C0F4-406C-B19E-0C61DB9DB4FF}.Release|Any CPU.Build.0 = Release|Any CPU
		{2FCA8DD8-5F47-4B99-9BA4-A563D0EA1199}.Debug|Any CPU.ActiveCfg = Debug|Any CPU
		{2FCA8DD8-5F47-4B99-9BA4-A563D0EA1199}.Debug|Any CPU.Build.0 = Debug|Any CPU
		{2FCA8DD8-5F47-4B99-9BA4-A563D0EA1199}.Release|Any CPU.ActiveCfg = Release|Any CPU
		{2FCA8DD8-5F47-4B99-9BA4-A563D0EA1199}.Release|Any CPU.Build.0 = Release|Any CPU
	EndGlobalSection
	GlobalSection(SolutionProperties) = preSolution
		HideSolutionNode = FALSE
	EndGlobalSection
	GlobalSection(ExtensibilityGlobals) = postSolution
		SolutionGuid = {20C9DEFD-4258-4978-BF03-73661471709F}
	EndGlobalSection
EndGlobal
